
Microsoft Visual Studio Solution File, Format Version 12.00
# Visual Studio Version 17
VisualStudioVersion = 17.9.34622.214
MinimumVisualStudioVersion = 10.0.40219.1
Project("{2150E333-8FDC-42A3-9474-1A3956D46DE8}") = "order", "order", "{A474CA9F-6887-45C3-A673-59D651D663A9}"
EndProject
Project("{9A19103F-16F7-4668-BE54-9A1E7A4F7556}") = "Domain", "src\services\order\Domain\Domain.csproj", "{C1C6FBF8-B2D5-4D47-9512-6EC94165FC4B}"
EndProject
Project("{9A19103F-16F7-4668-BE54-9A1E7A4F7556}") = "Infrastructure", "src\services\order\Infrastructure\Infrastructure.csproj", "{EB0AF9CE-E775-4E33-A059-E7F22990AAAE}"
EndProject
Project("{9A19103F-16F7-4668-BE54-9A1E7A4F7556}") = "Application", "src\services\order\Application\Application.csproj", "{9F011CB0-E376-4B25-AF45-F756FFD9A23F}"
EndProject
Project("{9A19103F-16F7-4668-BE54-9A1E7A4F7556}") = "WebApi", "src\services\order\WebApi\WebApi.csproj", "{69B200A6-00F1-4341-952D-819CF5598C38}"
EndProject
Project("{2150E333-8FDC-42A3-9474-1A3956D46DE8}") = "shared", "shared", "{6DC54DF6-42EA-4F46-A297-1F14C653E75B}"
EndProject
Project("{9A19103F-16F7-4668-BE54-9A1E7A4F7556}") = "AllRoadsLeadToRome.Core", "src\shared\AllRoadsLeadToRome.Core\AllRoadsLeadToRome.Core.csproj", "{0861C0CD-AC64-4F48-93C1-61C460EE50C1}"
EndProject
Project("{2150E333-8FDC-42A3-9474-1A3956D46DE8}") = "auth", "auth", "{EE915431-4AE4-431A-83DE-77F32A3497E9}"
EndProject
Project("{9A19103F-16F7-4668-BE54-9A1E7A4F7556}") = "Core", "src\services\auth\Core\Core.csproj", "{44B3D5C4-1492-486C-9925-4EFED6E84BA7}"
EndProject
Project("{9A19103F-16F7-4668-BE54-9A1E7A4F7556}") = "Infrastructure", "src\services\auth\Infrastructure\Infrastructure.csproj", "{C9FAC201-8C5B-43F8-BFB2-5F27740D696F}"
EndProject
Project("{9A19103F-16F7-4668-BE54-9A1E7A4F7556}") = "Application", "src\services\auth\Application\Application.csproj", "{22FFD334-14FE-49DF-9D23-BD31DFB4B199}"
EndProject
Project("{9A19103F-16F7-4668-BE54-9A1E7A4F7556}") = "WebApi", "src\services\auth\WebApi\WebApi.csproj", "{AAB524B3-5792-4046-AB8D-06022C1DCA87}"
EndProject
Project("{2150E333-8FDC-42A3-9474-1A3956D46DE8}") = "notification", "notification", "{331CB637-0D48-4729-BFF5-610011F218B0}"
EndProject
Project("{2150E333-8FDC-42A3-9474-1A3956D46DE8}") = "Solution Items", "Solution Items", "{8202D5E5-3615-4531-8109-01DEC6F1F8C8}"
	ProjectSection(SolutionItems) = preProject
		docker-compose.yml = docker-compose.yml
	EndProjectSection
EndProject
Project("{FAE04EC0-301F-11D3-BF4B-00C04F79EFBC}") = "NotificationService", "src\services\notification\NotificationService\NotificationService.csproj", "{1FD35434-8C86-4406-A122-D77DB2FDCBB5}"
EndProject
Project("{FAE04EC0-301F-11D3-BF4B-00C04F79EFBC}") = "Infrustructure", "src\services\notification\Infrustructure\Infrustructure.csproj", "{2E78FB41-00CC-409D-BF53-7EA60218A6C8}"
EndProject
Project("{FAE04EC0-301F-11D3-BF4B-00C04F79EFBC}") = "Application", "src\services\notification\Application\Application.csproj", "{8DBAAE1D-B980-4975-B4BE-B229E2686E55}"
EndProject
Project("{FAE04EC0-301F-11D3-BF4B-00C04F79EFBC}") = "NotificationServiceTests", "src\services\notification\NotificationServiceTests\NotificationServiceTests.csproj", "{6794DFA4-1071-4A46-90F5-DA9F732D8FD6}"
EndProject
Global
	GlobalSection(SolutionConfigurationPlatforms) = preSolution
		Debug|Any CPU = Debug|Any CPU
		Release|Any CPU = Release|Any CPU
	EndGlobalSection
	GlobalSection(ProjectConfigurationPlatforms) = postSolution
		{C1C6FBF8-B2D5-4D47-9512-6EC94165FC4B}.Debug|Any CPU.ActiveCfg = Debug|Any CPU
		{C1C6FBF8-B2D5-4D47-9512-6EC94165FC4B}.Debug|Any CPU.Build.0 = Debug|Any CPU
		{C1C6FBF8-B2D5-4D47-9512-6EC94165FC4B}.Release|Any CPU.ActiveCfg = Release|Any CPU
		{C1C6FBF8-B2D5-4D47-9512-6EC94165FC4B}.Release|Any CPU.Build.0 = Release|Any CPU
		{EB0AF9CE-E775-4E33-A059-E7F22990AAAE}.Debug|Any CPU.ActiveCfg = Debug|Any CPU
		{EB0AF9CE-E775-4E33-A059-E7F22990AAAE}.Debug|Any CPU.Build.0 = Debug|Any CPU
		{EB0AF9CE-E775-4E33-A059-E7F22990AAAE}.Release|Any CPU.ActiveCfg = Release|Any CPU
		{EB0AF9CE-E775-4E33-A059-E7F22990AAAE}.Release|Any CPU.Build.0 = Release|Any CPU
		{9F011CB0-E376-4B25-AF45-F756FFD9A23F}.Debug|Any CPU.ActiveCfg = Debug|Any CPU
		{9F011CB0-E376-4B25-AF45-F756FFD9A23F}.Debug|Any CPU.Build.0 = Debug|Any CPU
		{9F011CB0-E376-4B25-AF45-F756FFD9A23F}.Release|Any CPU.ActiveCfg = Release|Any CPU
		{9F011CB0-E376-4B25-AF45-F756FFD9A23F}.Release|Any CPU.Build.0 = Release|Any CPU
		{69B200A6-00F1-4341-952D-819CF5598C38}.Debug|Any CPU.ActiveCfg = Debug|Any CPU
		{69B200A6-00F1-4341-952D-819CF5598C38}.Debug|Any CPU.Build.0 = Debug|Any CPU
		{69B200A6-00F1-4341-952D-819CF5598C38}.Release|Any CPU.ActiveCfg = Release|Any CPU
		{69B200A6-00F1-4341-952D-819CF5598C38}.Release|Any CPU.Build.0 = Release|Any CPU
		{0861C0CD-AC64-4F48-93C1-61C460EE50C1}.Debug|Any CPU.ActiveCfg = Debug|Any CPU
		{0861C0CD-AC64-4F48-93C1-61C460EE50C1}.Debug|Any CPU.Build.0 = Debug|Any CPU
		{0861C0CD-AC64-4F48-93C1-61C460EE50C1}.Release|Any CPU.ActiveCfg = Release|Any CPU
		{0861C0CD-AC64-4F48-93C1-61C460EE50C1}.Release|Any CPU.Build.0 = Release|Any CPU
		{44B3D5C4-1492-486C-9925-4EFED6E84BA7}.Debug|Any CPU.ActiveCfg = Debug|Any CPU
		{44B3D5C4-1492-486C-9925-4EFED6E84BA7}.Debug|Any CPU.Build.0 = Debug|Any CPU
		{44B3D5C4-1492-486C-9925-4EFED6E84BA7}.Release|Any CPU.ActiveCfg = Release|Any CPU
		{44B3D5C4-1492-486C-9925-4EFED6E84BA7}.Release|Any CPU.Build.0 = Release|Any CPU
		{C9FAC201-8C5B-43F8-BFB2-5F27740D696F}.Debug|Any CPU.ActiveCfg = Debug|Any CPU
		{C9FAC201-8C5B-43F8-BFB2-5F27740D696F}.Debug|Any CPU.Build.0 = Debug|Any CPU
		{C9FAC201-8C5B-43F8-BFB2-5F27740D696F}.Release|Any CPU.ActiveCfg = Release|Any CPU
		{C9FAC201-8C5B-43F8-BFB2-5F27740D696F}.Release|Any CPU.Build.0 = Release|Any CPU
		{22FFD334-14FE-49DF-9D23-BD31DFB4B199}.Debug|Any CPU.ActiveCfg = Debug|Any CPU
		{22FFD334-14FE-49DF-9D23-BD31DFB4B199}.Debug|Any CPU.Build.0 = Debug|Any CPU
		{22FFD334-14FE-49DF-9D23-BD31DFB4B199}.Release|Any CPU.ActiveCfg = Release|Any CPU
		{22FFD334-14FE-49DF-9D23-BD31DFB4B199}.Release|Any CPU.Build.0 = Release|Any CPU
		{AAB524B3-5792-4046-AB8D-06022C1DCA87}.Debug|Any CPU.ActiveCfg = Debug|Any CPU
		{AAB524B3-5792-4046-AB8D-06022C1DCA87}.Debug|Any CPU.Build.0 = Debug|Any CPU
		{AAB524B3-5792-4046-AB8D-06022C1DCA87}.Release|Any CPU.ActiveCfg = Release|Any CPU
		{AAB524B3-5792-4046-AB8D-06022C1DCA87}.Release|Any CPU.Build.0 = Release|Any CPU
		{1FD35434-8C86-4406-A122-D77DB2FDCBB5}.Debug|Any CPU.ActiveCfg = Debug|Any CPU
		{1FD35434-8C86-4406-A122-D77DB2FDCBB5}.Debug|Any CPU.Build.0 = Debug|Any CPU
		{1FD35434-8C86-4406-A122-D77DB2FDCBB5}.Release|Any CPU.ActiveCfg = Release|Any CPU
		{1FD35434-8C86-4406-A122-D77DB2FDCBB5}.Release|Any CPU.Build.0 = Release|Any CPU
		{2E78FB41-00CC-409D-BF53-7EA60218A6C8}.Debug|Any CPU.ActiveCfg = Debug|Any CPU
		{2E78FB41-00CC-409D-BF53-7EA60218A6C8}.Debug|Any CPU.Build.0 = Debug|Any CPU
		{2E78FB41-00CC-409D-BF53-7EA60218A6C8}.Release|Any CPU.ActiveCfg = Release|Any CPU
		{2E78FB41-00CC-409D-BF53-7EA60218A6C8}.Release|Any CPU.Build.0 = Release|Any CPU
		{8DBAAE1D-B980-4975-B4BE-B229E2686E55}.Debug|Any CPU.ActiveCfg = Debug|Any CPU
		{8DBAAE1D-B980-4975-B4BE-B229E2686E55}.Debug|Any CPU.Build.0 = Debug|Any CPU
		{8DBAAE1D-B980-4975-B4BE-B229E2686E55}.Release|Any CPU.ActiveCfg = Release|Any CPU
		{8DBAAE1D-B980-4975-B4BE-B229E2686E55}.Release|Any CPU.Build.0 = Release|Any CPU
		{6794DFA4-1071-4A46-90F5-DA9F732D8FD6}.Debug|Any CPU.ActiveCfg = Debug|Any CPU
		{6794DFA4-1071-4A46-90F5-DA9F732D8FD6}.Debug|Any CPU.Build.0 = Debug|Any CPU
		{6794DFA4-1071-4A46-90F5-DA9F732D8FD6}.Release|Any CPU.ActiveCfg = Release|Any CPU
		{6794DFA4-1071-4A46-90F5-DA9F732D8FD6}.Release|Any CPU.Build.0 = Release|Any CPU
	EndGlobalSection
	GlobalSection(SolutionProperties) = preSolution
		HideSolutionNode = FALSE
	EndGlobalSection
	GlobalSection(NestedProjects) = preSolution
		{C1C6FBF8-B2D5-4D47-9512-6EC94165FC4B} = {A474CA9F-6887-45C3-A673-59D651D663A9}
		{EB0AF9CE-E775-4E33-A059-E7F22990AAAE} = {A474CA9F-6887-45C3-A673-59D651D663A9}
		{9F011CB0-E376-4B25-AF45-F756FFD9A23F} = {A474CA9F-6887-45C3-A673-59D651D663A9}
		{69B200A6-00F1-4341-952D-819CF5598C38} = {A474CA9F-6887-45C3-A673-59D651D663A9}
		{0861C0CD-AC64-4F48-93C1-61C460EE50C1} = {6DC54DF6-42EA-4F46-A297-1F14C653E75B}
		{44B3D5C4-1492-486C-9925-4EFED6E84BA7} = {EE915431-4AE4-431A-83DE-77F32A3497E9}
		{C9FAC201-8C5B-43F8-BFB2-5F27740D696F} = {EE915431-4AE4-431A-83DE-77F32A3497E9}
		{22FFD334-14FE-49DF-9D23-BD31DFB4B199} = {EE915431-4AE4-431A-83DE-77F32A3497E9}
		{AAB524B3-5792-4046-AB8D-06022C1DCA87} = {EE915431-4AE4-431A-83DE-77F32A3497E9}
		{1FD35434-8C86-4406-A122-D77DB2FDCBB5} = {331CB637-0D48-4729-BFF5-610011F218B0}
		{2E78FB41-00CC-409D-BF53-7EA60218A6C8} = {331CB637-0D48-4729-BFF5-610011F218B0}
		{8DBAAE1D-B980-4975-B4BE-B229E2686E55} = {331CB637-0D48-4729-BFF5-610011F218B0}
		{6794DFA4-1071-4A46-90F5-DA9F732D8FD6} = {331CB637-0D48-4729-BFF5-610011F218B0}
	EndGlobalSection
	GlobalSection(ExtensibilityGlobals) = postSolution
		SolutionGuid = {DCC9BF43-D064-43E4-A3F9-9159E535298E}
	EndGlobalSection
EndGlobal
